// !$*UTF8*$!
{
	archiveVersion = 1;
	classes = {
	};
	objectVersion = 51;
	objects = {

/* Begin PBXBuildFile section */
		D3ACFC7B237B418800E94B0C /* AppDelegate.swift in Sources */ = {isa = PBXBuildFile; fileRef = D3ACFC7A237B418700E94B0C /* AppDelegate.swift */; };
		D3ACFC7D237B419000E94B0C /* SceneDelegate.swift in Sources */ = {isa = PBXBuildFile; fileRef = D3ACFC7C237B419000E94B0C /* SceneDelegate.swift */; };
		D3ACFC81237B432000E94B0C /* Assets.xcassets in Resources */ = {isa = PBXBuildFile; fileRef = D3ACFC80237B432000E94B0C /* Assets.xcassets */; };
		D3ACFC84237B432600E94B0C /* Preview Assets.xcassets in Resources */ = {isa = PBXBuildFile; fileRef = D3ACFC83237B432600E94B0C /* Preview Assets.xcassets */; };
		D3ACFC87237B432700E94B0C /* LaunchScreen.storyboard in Resources */ = {isa = PBXBuildFile; fileRef = D3ACFC85237B432700E94B0C /* LaunchScreen.storyboard */; };
		D3C2CDEE23C256060052254A /* ContentView.swift in Sources */ = {isa = PBXBuildFile; fileRef = D3C2CDED23C256060052254A /* ContentView.swift */; };
		D3C2CDF023C2564B0052254A /* Observer.swift in Sources */ = {isa = PBXBuildFile; fileRef = D3C2CDEF23C2564B0052254A /* Observer.swift */; };
		F6E57C3D4C90FEC3974E63C7 /* Pods_AlamofireSwiftUI.framework in Frameworks */ = {isa = PBXBuildFile; fileRef = A9862AD2CE09FC1FC707698B /* Pods_AlamofireSwiftUI.framework */; };
/* End PBXBuildFile section */

/* Begin PBXFileReference section */
		330E95146472E4506A3DCDAB /* Pods-AlamofireSwiftUI.release.xcconfig */ = {isa = PBXFileReference; includeInIndex = 1; lastKnownFileType = text.xcconfig; name = "Pods-AlamofireSwiftUI.release.xcconfig"; path = "Target Support Files/Pods-AlamofireSwiftUI/Pods-AlamofireSwiftUI.release.xcconfig"; sourceTree = "<group>"; };
		A9862AD2CE09FC1FC707698B /* Pods_AlamofireSwiftUI.framework */ = {isa = PBXFileReference; explicitFileType = wrapper.framework; includeInIndex = 0; path = Pods_AlamofireSwiftUI.framework; sourceTree = BUILT_PRODUCTS_DIR; };
		D3ACFC77237B417300E94B0C /* AlamofireSwiftUI.app */ = {isa = PBXFileReference; explicitFileType = wrapper.application; includeInIndex = 0; path = AlamofireSwiftUI.app; sourceTree = BUILT_PRODUCTS_DIR; };
		D3ACFC7A237B418700E94B0C /* AppDelegate.swift */ = {isa = PBXFileReference; lastKnownFileType = sourcecode.swift; path = AppDelegate.swift; sourceTree = "<group>"; };
		D3ACFC7C237B419000E94B0C /* SceneDelegate.swift */ = {isa = PBXFileReference; lastKnownFileType = sourcecode.swift; path = SceneDelegate.swift; sourceTree = "<group>"; };
		D3ACFC80237B432000E94B0C /* Assets.xcassets */ = {isa = PBXFileReference; lastKnownFileType = folder.assetcatalog; path = Assets.xcassets; sourceTree = "<group>"; };
		D3ACFC83237B432600E94B0C /* Preview Assets.xcassets */ = {isa = PBXFileReference; lastKnownFileType = folder.assetcatalog; path = "Preview Assets.xcassets"; sourceTree = "<group>"; };
		D3ACFC86237B432700E94B0C /* Base */ = {isa = PBXFileReference; lastKnownFileType = file.storyboard; name = Base; path = Base.lproj/LaunchScreen.storyboard; sourceTree = "<group>"; };
		D3ACFC88237B432800E94B0C /* Info.plist */ = {isa = PBXFileReference; lastKnownFileType = text.plist.xml; path = Info.plist; sourceTree = "<group>"; };
		D3C2CDED23C256060052254A /* ContentView.swift */ = {isa = PBXFileReference; lastKnownFileType = sourcecode.swift; path = ContentView.swift; sourceTree = "<group>"; };
		D3C2CDEF23C2564B0052254A /* Observer.swift */ = {isa = PBXFileReference; lastKnownFileType = sourcecode.swift; path = Observer.swift; sourceTree = "<group>"; };
		E66CCD26C1ACC36D4DFF0333 /* Pods-AlamofireSwiftUI.debug.xcconfig */ = {isa = PBXFileReference; includeInIndex = 1; lastKnownFileType = text.xcconfig; name = "Pods-AlamofireSwiftUI.debug.xcconfig"; path = "Target Support Files/Pods-AlamofireSwiftUI/Pods-AlamofireSwiftUI.debug.xcconfig"; sourceTree = "<group>"; };
/* End PBXFileReference section */

/* Begin PBXFrameworksBuildPhase section */
		D3ACFC74237B417300E94B0C /* Frameworks */ = {
			isa = PBXFrameworksBuildPhase;
			buildActionMask = 2147483647;
			files = (
				F6E57C3D4C90FEC3974E63C7 /* Pods_AlamofireSwiftUI.framework in Frameworks */,
			);
			runOnlyForDeploymentPostprocessing = 0;
		};
/* End PBXFrameworksBuildPhase section */

/* Begin PBXGroup section */
		D166C0729A00A88D7FFE4254 /* Frameworks */ = {
			isa = PBXGroup;
			children = (
				A9862AD2CE09FC1FC707698B /* Pods_AlamofireSwiftUI.framework */,
			);
			name = Frameworks;
			sourceTree = "<group>";
		};
		D3ACFC6E237B416D00E94B0C = {
			isa = PBXGroup;
			children = (
				D3ACFC79237B418300E94B0C /* AlamofireSwiftUI */,
				D3ACFC78237B417300E94B0C /* Products */,
				E0E07DC07F6B8AF9B02EFCC8 /* Pods */,
				D166C0729A00A88D7FFE4254 /* Frameworks */,
			);
			sourceTree = "<group>";
		};
		D3ACFC78237B417300E94B0C /* Products */ = {
			isa = PBXGroup;
			children = (
				D3ACFC77237B417300E94B0C /* AlamofireSwiftUI.app */,
			);
			name = Products;
			sourceTree = "<group>";
		};
		D3ACFC79237B418300E94B0C /* AlamofireSwiftUI */ = {
			isa = PBXGroup;
			children = (
				D3ACFC7A237B418700E94B0C /* AppDelegate.swift */,
				D3C2CDED23C256060052254A /* ContentView.swift */,
				D3C2CDEF23C2564B0052254A /* Observer.swift */,
				D3ACFC7C237B419000E94B0C /* SceneDelegate.swift */,
				D3ACFC80237B432000E94B0C /* Assets.xcassets */,
				D3ACFC85237B432700E94B0C /* LaunchScreen.storyboard */,
				D3ACFC88237B432800E94B0C /* Info.plist */,
				D3ACFC82237B432600E94B0C /* Preview Content */,
			);
			path = AlamofireSwiftUI;
			sourceTree = "<group>";
		};
		D3ACFC82237B432600E94B0C /* Preview Content */ = {
			isa = PBXGroup;
			children = (
				D3ACFC83237B432600E94B0C /* Preview Assets.xcassets */,
			);
			path = "Preview Content";
			sourceTree = "<group>";
		};
		E0E07DC07F6B8AF9B02EFCC8 /* Pods */ = {
			isa = PBXGroup;
			children = (
				E66CCD26C1ACC36D4DFF0333 /* Pods-AlamofireSwiftUI.debug.xcconfig */,
				330E95146472E4506A3DCDAB /* Pods-AlamofireSwiftUI.release.xcconfig */,
			);
			path = Pods;
			sourceTree = "<group>";
		};
/* End PBXGroup section */

/* Begin PBXNativeTarget section */
		D3ACFC76237B417300E94B0C /* AlamofireSwiftUI */ = {
			isa = PBXNativeTarget;
			buildConfigurationList = D3ACFC8B237B432800E94B0C /* Build configuration list for PBXNativeTarget "AlamofireSwiftUI" */;
			buildPhases = (
				DD305DFB54A93745CFE2A4CF /* [CP] Check Pods Manifest.lock */,
				D3ACFC73237B417300E94B0C /* Sources */,
				D3ACFC74237B417300E94B0C /* Frameworks */,
				D3ACFC75237B417300E94B0C /* Resources */,
				D402BCF4F2AD063D43BE52D3 /* [CP] Embed Pods Frameworks */,
			);
			buildRules = (
			);
			dependencies = (
			);
			name = AlamofireSwiftUI;
			productName = AlamofireSwiftUI;
			productReference = D3ACFC77237B417300E94B0C /* AlamofireSwiftUI.app */;
			productType = "com.apple.product-type.application";
		};
/* End PBXNativeTarget section */

/* Begin PBXProject section */
		D3ACFC6F237B416D00E94B0C /* Project object */ = {
			isa = PBXProject;
			attributes = {
				LastSwiftUpdateCheck = 1110;
				LastUpgradeCheck = 1110;
				ORGANIZATIONNAME = "Victor Smirnov";
				TargetAttributes = {
					D3ACFC76237B417300E94B0C = {
						CreatedOnToolsVersion = 11.1;
					};
				};
			};
			buildConfigurationList = D3ACFC72237B416D00E94B0C /* Build configuration list for PBXProject "AlamofireSwiftUI" */;
			compatibilityVersion = "Xcode 9.3";
			developmentRegion = en;
			hasScannedForEncodings = 0;
			knownRegions = (
				en,
				Base,
			);
			mainGroup = D3ACFC6E237B416D00E94B0C;
			productRefGroup = D3ACFC78237B417300E94B0C /* Products */;
			projectDirPath = "";
			projectRoot = "";
			targets = (
				D3ACFC76237B417300E94B0C /* AlamofireSwiftUI */,
			);
		};
/* End PBXProject section */

/* Begin PBXResourcesBuildPhase section */
		D3ACFC75237B417300E94B0C /* Resources */ = {
			isa = PBXResourcesBuildPhase;
			buildActionMask = 2147483647;
			files = (
				D3ACFC87237B432700E94B0C /* LaunchScreen.storyboard in Resources */,
				D3ACFC84237B432600E94B0C /* Preview Assets.xcassets in Resources */,
				D3ACFC81237B432000E94B0C /* Assets.xcassets in Resources */,
			);
			runOnlyForDeploymentPostprocessing = 0;
		};
/* End PBXResourcesBuildPhase section */

/* Begin PBXShellScriptBuildPhase section */
		D402BCF4F2AD063D43BE52D3 /* [CP] Embed Pods Frameworks */ = {
			isa = PBXShellScriptBuildPhase;
			buildActionMask = 2147483647;
			files = (
			);
			inputFileListPaths = (
				"${PODS_ROOT}/Target Support Files/Pods-AlamofireSwiftUI/Pods-AlamofireSwiftUI-frameworks-${CONFIGURATION}-input-files.xcfilelist",
			);
			name = "[CP] Embed Pods Frameworks";
			outputFileListPaths = (
				"${PODS_ROOT}/Target Support Files/Pods-AlamofireSwiftUI/Pods-AlamofireSwiftUI-frameworks-${CONFIGURATION}-output-files.xcfilelist",
			);
			runOnlyForDeploymentPostprocessing = 0;
			shellPath = /bin/sh;
			shellScript = "\"${PODS_ROOT}/Target Support Files/Pods-AlamofireSwiftUI/Pods-AlamofireSwiftUI-frameworks.sh\"\n";
			showEnvVarsInLog = 0;
		};
		DD305DFB54A93745CFE2A4CF /* [CP] Check Pods Manifest.lock */ = {
			isa = PBXShellScriptBuildPhase;
			buildActionMask = 2147483647;
			files = (
			);
			inputFileListPaths = (
			);
			inputPaths = (
				"${PODS_PODFILE_DIR_PATH}/Podfile.lock",
				"${PODS_ROOT}/Manifest.lock",
			);
			name = "[CP] Check Pods Manifest.lock";
			outputFileListPaths = (
			);
			outputPaths = (
				"$(DERIVED_FILE_DIR)/Pods-AlamofireSwiftUI-checkManifestLockResult.txt",
			);
			runOnlyForDeploymentPostprocessing = 0;
			shellPath = /bin/sh;
			shellScript = "diff \"${PODS_PODFILE_DIR_PATH}/Podfile.lock\" \"${PODS_ROOT}/Manifest.lock\" > /dev/null\nif [ $? != 0 ] ; then\n    # print error to STDERR\n    echo \"error: The sandbox is not in sync with the Podfile.lock. Run 'pod install' or update your CocoaPods installation.\" >&2\n    exit 1\nfi\n# This output is used by Xcode 'outputs' to avoid re-running this script phase.\necho \"SUCCESS\" > \"${SCRIPT_OUTPUT_FILE_0}\"\n";
			showEnvVarsInLog = 0;
		};
/* End PBXShellScriptBuildPhase section */

/* Begin PBXSourcesBuildPhase section */
		D3ACFC73237B417300E94B0C /* Sources */ = {
			isa = PBXSourcesBuildPhase;
			buildActionMask = 2147483647;
			files = (
				D3ACFC7B237B418800E94B0C /* AppDelegate.swift in Sources */,
				D3C2CDF023C2564B0052254A /* Observer.swift in Sources */,
				D3C2CDEE23C256060052254A /* ContentView.swift in Sources */,
				D3ACFC7D237B419000E94B0C /* SceneDelegate.swift in Sources */,
			);
			runOnlyForDeploymentPostprocessing = 0;
		};
/* End PBXSourcesBuildPhase section */

/* Begin PBXVariantGroup section */
		D3ACFC85237B432700E94B0C /* LaunchScreen.storyboard */ = {
			isa = PBXVariantGroup;
			children = (
				D3ACFC86237B432700E94B0C /* Base */,
			);
			name = LaunchScreen.storyboard;
			sourceTree = "<group>";
		};
/* End PBXVariantGroup section */

/* Begin XCBuildConfiguration section */
		D3ACFC89237B432800E94B0C /* Debug */ = {
			isa = XCBuildConfiguration;
			buildSettings = {
				ALWAYS_SEARCH_USER_PATHS = NO;
				CLANG_ANALYZER_NONNULL = YES;
				CLANG_ANALYZER_NUMBER_OBJECT_CONVERSION = YES_AGGRESSIVE;
				CLANG_CXX_LANGUAGE_STANDARD = "gnu++14";
				CLANG_CXX_LIBRARY = "libc++";
				CLANG_ENABLE_MODULES = YES;
				CLANG_ENABLE_OBJC_ARC = YES;
				CLANG_ENABLE_OBJC_WEAK = YES;
				CLANG_WARN_BLOCK_CAPTURE_AUTORELEASING = YES;
				CLANG_WARN_BOOL_CONVERSION = YES;
				CLANG_WARN_COMMA = YES;
				CLANG_WARN_CONSTANT_CONVERSION = YES;
				CLANG_WARN_DEPRECATED_OBJC_IMPLEMENTATIONS = YES;
				CLANG_WARN_DIRECT_OBJC_ISA_USAGE = YES_ERROR;
				CLANG_WARN_DOCUMENTATION_COMMENTS = YES;
				CLANG_WARN_EMPTY_BODY = YES;
				CLANG_WARN_ENUM_CONVERSION = YES;
				CLANG_WARN_INFINITE_RECURSION = YES;
				CLANG_WARN_INT_CONVERSION = YES;
				CLANG_WARN_NON_LITERAL_NULL_CONVERSION = YES;
				CLANG_WARN_OBJC_IMPLICIT_RETAIN_SELF = YES;
				CLANG_WARN_OBJC_LITERAL_CONVERSION = YES;
				CLANG_WARN_OBJC_ROOT_CLASS = YES_ERROR;
				CLANG_WARN_RANGE_LOOP_ANALYSIS = YES;
				CLANG_WARN_STRICT_PROTOTYPES = YES;
				CLANG_WARN_SUSPICIOUS_MOVE = YES;
				CLANG_WARN_UNGUARDED_AVAILABILITY = YES_AGGRESSIVE;
				CLANG_WARN_UNREACHABLE_CODE = YES;
				CLANG_WARN__DUPLICATE_METHOD_MATCH = YES;
				COPY_PHASE_STRIP = NO;
				DEBUG_INFORMATION_FORMAT = dwarf;
				ENABLE_STRICT_OBJC_MSGSEND = YES;
				ENABLE_TESTABILITY = YES;
				GCC_C_LANGUAGE_STANDARD = gnu11;
				GCC_DYNAMIC_NO_PIC = NO;
				GCC_NO_COMMON_BLOCKS = YES;
				GCC_OPTIMIZATION_LEVEL = 0;
				GCC_PREPROCESSOR_DEFINITIONS = (
					"DEBUG=1",
					"$(inherited)",
				);
				GCC_WARN_64_TO_32_BIT_CONVERSION = YES;
				GCC_WARN_ABOUT_RETURN_TYPE = YES_ERROR;
				GCC_WARN_UNDECLARED_SELECTOR = YES;
				GCC_WARN_UNINITIALIZED_AUTOS = YES_AGGRESSIVE;
				GCC_WARN_UNUSED_FUNCTION = YES;
				GCC_WARN_UNUSED_VARIABLE = YES;
				IPHONEOS_DEPLOYMENT_TARGET = 13.1;
				MTL_ENABLE_DEBUG_INFO = INCLUDE_SOURCE;
				MTL_FAST_MATH = YES;
				ONLY_ACTIVE_ARCH = YES;
				SDKROOT = iphoneos;
				SWIFT_ACTIVE_COMPILATION_CONDITIONS = DEBUG;
				SWIFT_OPTIMIZATION_LEVEL = "-Onone";
			};
			name = Debug;
		};
		D3ACFC8A237B432800E94B0C /* Release */ = {
			isa = XCBuildConfiguration;
			buildSettings = {
				ALWAYS_SEARCH_USER_PATHS = NO;
				CLANG_ANALYZER_NONNULL = YES;
				CLANG_ANALYZER_NUMBER_OBJECT_CONVERSION = YES_AGGRESSIVE;
				CLANG_CXX_LANGUAGE_STANDARD = "gnu++14";
				CLANG_CXX_LIBRARY = "libc++";
				CLANG_ENABLE_MODULES = YES;
				CLANG_ENABLE_OBJC_ARC = YES;
				CLANG_ENABLE_OBJC_WEAK = YES;
				CLANG_WARN_BLOCK_CAPTURE_AUTORELEASING = YES;
				CLANG_WARN_BOOL_CONVERSION = YES;
				CLANG_WARN_COMMA = YES;
				CLANG_WARN_CONSTANT_CONVERSION = YES;
				CLANG_WARN_DEPRECATED_OBJC_IMPLEMENTATIONS = YES;
				CLANG_WARN_DIRECT_OBJC_ISA_USAGE = YES_ERROR;
				CLANG_WARN_DOCUMENTATION_COMMENTS = YES;
				CLANG_WARN_EMPTY_BODY = YES;
				CLANG_WARN_ENUM_CONVERSION = YES;
				CLANG_WARN_INFINITE_RECURSION = YES;
				CLANG_WARN_INT_CONVERSION = YES;
				CLANG_WARN_NON_LITERAL_NULL_CONVERSION = YES;
				CLANG_WARN_OBJC_IMPLICIT_RETAIN_SELF = YES;
				CLANG_WARN_OBJC_LITERAL_CONVERSION = YES;
				CLANG_WARN_OBJC_ROOT_CLASS = YES_ERROR;
				CLANG_WARN_RANGE_LOOP_ANALYSIS = YES;
				CLANG_WARN_STRICT_PROTOTYPES = YES;
				CLANG_WARN_SUSPICIOUS_MOVE = YES;
				CLANG_WARN_UNGUARDED_AVAILABILITY = YES_AGGRESSIVE;
				CLANG_WARN_UNREACHABLE_CODE = YES;
				CLANG_WARN__DUPLICATE_METHOD_MATCH = YES;
				COPY_PHASE_STRIP = NO;
				DEBUG_INFORMATION_FORMAT = "dwarf-with-dsym";
				ENABLE_NS_ASSERTIONS = NO;
				ENABLE_STRICT_OBJC_MSGSEND = YES;
				GCC_C_LANGUAGE_STANDARD = gnu11;
				GCC_NO_COMMON_BLOCKS = YES;
				GCC_WARN_64_TO_32_BIT_CONVERSION = YES;
				GCC_WARN_ABOUT_RETURN_TYPE = YES_ERROR;
				GCC_WARN_UNDECLARED_SELECTOR = YES;
				GCC_WARN_UNINITIALIZED_AUTOS = YES_AGGRESSIVE;
				GCC_WARN_UNUSED_FUNCTION = YES;
				GCC_WARN_UNUSED_VARIABLE = YES;
				IPHONEOS_DEPLOYMENT_TARGET = 13.1;
				MTL_ENABLE_DEBUG_INFO = NO;
				MTL_FAST_MATH = YES;
				SDKROOT = iphoneos;
				SWIFT_COMPILATION_MODE = wholemodule;
				SWIFT_OPTIMIZATION_LEVEL = "-O";
				VALIDATE_PRODUCT = YES;
			};
			name = Release;
		};
		D3ACFC8C237B432800E94B0C /* Debug */ = {
			isa = XCBuildConfiguration;
			baseConfigurationReference = E66CCD26C1ACC36D4DFF0333 /* Pods-AlamofireSwiftUI.debug.xcconfig */;
			buildSettings = {
				ASSETCATALOG_COMPILER_APPICON_NAME = AppIcon;
				CODE_SIGN_STYLE = Automatic;
				DEVELOPMENT_ASSET_PATHS = "\"AlamofireSwiftUI/Preview Content\"";
				DEVELOPMENT_TEAM = T72DS9GRKF;
				ENABLE_PREVIEWS = YES;
				INFOPLIST_FILE = AlamofireSwiftUI/Info.plist;
				LD_RUNPATH_SEARCH_PATHS = (
					"$(inherited)",
					"@executable_path/Frameworks",
				);
				PRODUCT_BUNDLE_IDENTIFIER = vs.AlamofireSwiftUI;
				PRODUCT_NAME = "$(TARGET_NAME)";
				SWIFT_VERSION = 5.0;
				TARGETED_DEVICE_FAMILY = "1,2";
			};
			name = Debug;
		};
		D3ACFC8D237B432800E94B0C /* Release */ = {
			isa = XCBuildConfiguration;
			baseConfigurationReference = 330E95146472E4506A3DCDAB /* Pods-AlamofireSwiftUI.release.xcconfig */;
			buildSettings = {
				ASSETCATALOG_COMPILER_APPICON_NAME = AppIcon;
				CODE_SIGN_STYLE = Automatic;
				DEVELOPMENT_ASSET_PATHS = "\"AlamofireSwiftUI/Preview Content\"";
				DEVELOPMENT_TEAM = T72DS9GRKF;
				ENABLE_PREVIEWS = YES;
				INFOPLIST_FILE = AlamofireSwiftUI/Info.plist;
				LD_RUNPATH_SEARCH_PATHS = (
					"$(inherited)",
					"@executable_path/Frameworks",
				);
				PRODUCT_BUNDLE_IDENTIFIER = vs.AlamofireSwiftUI;
				PRODUCT_NAME = "$(TARGET_NAME)";
				SWIFT_VERSION = 5.0;
				TARGETED_DEVICE_FAMILY = "1,2";
			};
			name = Release;
		};
/* End XCBuildConfiguration section */

/* Begin XCConfigurationList section */
		D3ACFC72237B416D00E94B0C /* Build configuration list for PBXProject "AlamofireSwiftUI" */ = {
			isa = XCConfigurationList;
			buildConfigurations = (
				D3ACFC89237B432800E94B0C /* Debug */,
				D3ACFC8A237B432800E94B0C /* Release */,
			);
			defaultConfigurationIsVisible = 0;
			defaultConfigurationName = Release;
		};
		D3ACFC8B237B432800E94B0C /* Build configuration list for PBXNativeTarget "AlamofireSwiftUI" */ = {
			isa = XCConfigurationList;
			buildConfigurations = (
				D3ACFC8C237B432800E94B0C /* Debug */,
				D3ACFC8D237B432800E94B0C /* Release */,
			);
			defaultConfigurationIsVisible = 0;
			defaultConfigurationName = Release;
		};
/* End XCConfigurationList section */
	};
	rootObject = D3ACFC6F237B416D00E94B0C /* Project object */;
}
